
Microsoft Visual Studio Solution File, Format Version 12.00
# Visual Studio 15
VisualStudioVersion = 15.0.28307.438
MinimumVisualStudioVersion = 10.0.40219.1
Project("{FAE04EC0-301F-11D3-BF4B-00C04F79EFBC}") = "MiLibreria", "MiLibreria\MiLibreria.csproj", "{718EA3CA-E303-4E87-A145-B468F4ACE73D}"
EndProject
Global
	GlobalSection(SolutionConfigurationPlatforms) = preSolution
		Debug|Any CPU = Debug|Any CPU
		Release|Any CPU = Release|Any CPU
	EndGlobalSection
	GlobalSection(ProjectConfigurationPlatforms) = postSolution
		{718EA3CA-E303-4E87-A145-B468F4ACE73D}.Debug|Any CPU.ActiveCfg = Debug|Any CPU
		{718EA3CA-E303-4E87-A145-B468F4ACE73D}.Debug|Any CPU.Build.0 = Debug|Any CPU
		{718EA3CA-E303-4E87-A145-B468F4ACE73D}.Release|Any CPU.ActiveCfg = Release|Any CPU
		{718EA3CA-E303-4E87-A145-B468F4ACE73D}.Release|Any CPU.Build.0 = Release|Any CPU
	EndGlobalSection
	GlobalSection(SolutionProperties) = preSolution
		HideSolutionNode = FALSE
	EndGlobalSection
	GlobalSection(ExtensibilityGlobals) = postSolution
		SolutionGuid = {CA996F88-40EE-4D22-AD84-D8CC465A6BF3}
	EndGlobalSection
EndGlobal
