
Microsoft Visual Studio Solution File, Format Version 12.00
# Visual Studio 15
VisualStudioVersion = 15.0.28010.2019
MinimumVisualStudioVersion = 10.0.40219.1
Project("{FAE04EC0-301F-11D3-BF4B-00C04F79EFBC}") = "Switch", "Switch\Switch.csproj", "{61CE73D3-0FAE-476F-BEAF-AFB0F8DD7B7D}"
EndProject
Global
	GlobalSection(SolutionConfigurationPlatforms) = preSolution
		Debug|Any CPU = Debug|Any CPU
		Release|Any CPU = Release|Any CPU
	EndGlobalSection
	GlobalSection(ProjectConfigurationPlatforms) = postSolution
		{61CE73D3-0FAE-476F-BEAF-AFB0F8DD7B7D}.Debug|Any CPU.ActiveCfg = Debug|Any CPU
		{61CE73D3-0FAE-476F-BEAF-AFB0F8DD7B7D}.Debug|Any CPU.Build.0 = Debug|Any CPU
		{61CE73D3-0FAE-476F-BEAF-AFB0F8DD7B7D}.Release|Any CPU.ActiveCfg = Release|Any CPU
		{61CE73D3-0FAE-476F-BEAF-AFB0F8DD7B7D}.Release|Any CPU.Build.0 = Release|Any CPU
	EndGlobalSection
	GlobalSection(SolutionProperties) = preSolution
		HideSolutionNode = FALSE
	EndGlobalSection
	GlobalSection(ExtensibilityGlobals) = postSolution
		SolutionGuid = {9C26430F-26AF-4A95-A579-0DCC5C8F1758}
	EndGlobalSection
EndGlobal
