
Microsoft Visual Studio Solution File, Format Version 12.00
# Visual Studio 15
VisualStudioVersion = 15.0.28010.2019
MinimumVisualStudioVersion = 10.0.40219.1
Project("{FAE04EC0-301F-11D3-BF4B-00C04F79EFBC}") = "Operadores_Aritmeticos", "Operadores_Aritmeticos\Operadores_Aritmeticos.csproj", "{A90A1FB3-B678-4093-B89B-B552D425921A}"
EndProject
Global
	GlobalSection(SolutionConfigurationPlatforms) = preSolution
		Debug|Any CPU = Debug|Any CPU
		Release|Any CPU = Release|Any CPU
	EndGlobalSection
	GlobalSection(ProjectConfigurationPlatforms) = postSolution
		{A90A1FB3-B678-4093-B89B-B552D425921A}.Debug|Any CPU.ActiveCfg = Debug|Any CPU
		{A90A1FB3-B678-4093-B89B-B552D425921A}.Debug|Any CPU.Build.0 = Debug|Any CPU
		{A90A1FB3-B678-4093-B89B-B552D425921A}.Release|Any CPU.ActiveCfg = Release|Any CPU
		{A90A1FB3-B678-4093-B89B-B552D425921A}.Release|Any CPU.Build.0 = Release|Any CPU
	EndGlobalSection
	GlobalSection(SolutionProperties) = preSolution
		HideSolutionNode = FALSE
	EndGlobalSection
	GlobalSection(ExtensibilityGlobals) = postSolution
		SolutionGuid = {E2969BB9-EE8E-445E-84C7-8AEE4B8D7E0E}
	EndGlobalSection
EndGlobal
