
Microsoft Visual Studio Solution File, Format Version 12.00
# Visual Studio 15
VisualStudioVersion = 15.0.28010.2019
MinimumVisualStudioVersion = 10.0.40219.1
Project("{FAE04EC0-301F-11D3-BF4B-00C04F79EFBC}") = "Mdi_MenuStrip_ProgressBar", "MIDI_Contenedor\Mdi_MenuStrip_ProgressBar.csproj", "{05B6E8D0-74C8-4AAC-98FA-AC87AD13DF73}"
EndProject
Global
	GlobalSection(SolutionConfigurationPlatforms) = preSolution
		Debug|Any CPU = Debug|Any CPU
		Release|Any CPU = Release|Any CPU
	EndGlobalSection
	GlobalSection(ProjectConfigurationPlatforms) = postSolution
		{05B6E8D0-74C8-4AAC-98FA-AC87AD13DF73}.Debug|Any CPU.ActiveCfg = Debug|Any CPU
		{05B6E8D0-74C8-4AAC-98FA-AC87AD13DF73}.Debug|Any CPU.Build.0 = Debug|Any CPU
		{05B6E8D0-74C8-4AAC-98FA-AC87AD13DF73}.Release|Any CPU.ActiveCfg = Release|Any CPU
		{05B6E8D0-74C8-4AAC-98FA-AC87AD13DF73}.Release|Any CPU.Build.0 = Release|Any CPU
	EndGlobalSection
	GlobalSection(SolutionProperties) = preSolution
		HideSolutionNode = FALSE
	EndGlobalSection
	GlobalSection(ExtensibilityGlobals) = postSolution
		SolutionGuid = {43E753F4-1D82-4E97-B248-9D84543AE3E8}
	EndGlobalSection
EndGlobal
